
Microsoft Visual Studio Solution File, Format Version 12.00
# Visual Studio Version 16
VisualStudioVersion = 16.0.31019.35
MinimumVisualStudioVersion = 10.0.40219.1
Project("{9A19103F-16F7-4668-BE54-9A1E7A4F7556}") = "Mabup2_Beta", "Mabup2_Beta\Mabup2_Beta.csproj", "{360F552C-FC90-40E3-8E77-AF0409F3D071}"
EndProject
Global
	GlobalSection(SolutionConfigurationPlatforms) = preSolution
		Debug|Any CPU = Debug|Any CPU
		Release|Any CPU = Release|Any CPU
	EndGlobalSection
	GlobalSection(ProjectConfigurationPlatforms) = postSolution
		{360F552C-FC90-40E3-8E77-AF0409F3D071}.Debug|Any CPU.ActiveCfg = Debug|Any CPU
		{360F552C-FC90-40E3-8E77-AF0409F3D071}.Debug|Any CPU.Build.0 = Debug|Any CPU
		{360F552C-FC90-40E3-8E77-AF0409F3D071}.Release|Any CPU.ActiveCfg = Release|Any CPU
		{360F552C-FC90-40E3-8E77-AF0409F3D071}.Release|Any CPU.Build.0 = Release|Any CPU
	EndGlobalSection
	GlobalSection(SolutionProperties) = preSolution
		HideSolutionNode = FALSE
	EndGlobalSection
	GlobalSection(ExtensibilityGlobals) = postSolution
		SolutionGuid = {CB2338D0-94BB-42C7-87CE-A792E76063AF}
	EndGlobalSection
EndGlobal
